
Microsoft Visual Studio Solution File, Format Version 12.00
# Visual Studio 15
VisualStudioVersion = 15.0.28010.2036
MinimumVisualStudioVersion = 10.0.40219.1
Project("{2150E333-8FDC-42A3-9474-1A3956D46DE8}") = "Applicatons", "Applicatons", "{CB59D612-CC51-4FFF-86E9-185FC2530C18}"
EndProject
Project("{2150E333-8FDC-42A3-9474-1A3956D46DE8}") = "OPC", "OPC", "{FC8C6292-8277-46C3-945B-884F9B91DBE1}"
EndProject
Project("{FAE04EC0-301F-11D3-BF4B-00C04F79EFBC}") = "AisOpcClient.Lib", "AisOpcClient.Lib\AisOpcClient.Lib.csproj", "{F05C14C8-7956-4B8D-AA69-DFBA44B3763B}"
EndProject
Project("{2150E333-8FDC-42A3-9474-1A3956D46DE8}") = "DAL", "DAL", "{987EC35D-4DF2-484E-98E5-EFC36AE02E7C}"
EndProject
Project("{FAE04EC0-301F-11D3-BF4B-00C04F79EFBC}") = "DAL.Core", "DAL.Core\DAL.Core.csproj", "{ECEC02AC-C3FD-409B-B8CF-55E18839B74D}"
EndProject
Project("{FAE04EC0-301F-11D3-BF4B-00C04F79EFBC}") = "DAL.Entity", "DAL.Entity\DAL.Entity.csproj", "{22F3916C-4B83-4B05-ADEA-5C6A0BDE0BF4}"
EndProject
Project("{FAE04EC0-301F-11D3-BF4B-00C04F79EFBC}") = "DAL.UnitOfWork", "DAL.UnitOfWork\DAL.UnitOfWork.csproj", "{912BF4B5-D0E0-4EEA-A7B8-5233745682D6}"
EndProject
Project("{2150E333-8FDC-42A3-9474-1A3956D46DE8}") = "JSON", "JSON", "{FD3D0B53-4B26-4706-AC3F-31771CB11481}"
EndProject
Project("{2150E333-8FDC-42A3-9474-1A3956D46DE8}") = "BLL", "BLL", "{4E5B2A27-B39C-4465-9E57-DC8B7D161B9F}"
EndProject
Project("{FAE04EC0-301F-11D3-BF4B-00C04F79EFBC}") = "BL.Core", "BL.Core\BL.Core.csproj", "{B09032DA-6C29-4F1E-85AA-2EDE17D4757A}"
EndProject
Project("{2150E333-8FDC-42A3-9474-1A3956D46DE8}") = "Tests", "Tests", "{411BC22A-BA5E-4E60-ABCA-AB7B8C319A11}"
EndProject
Project("{FAE04EC0-301F-11D3-BF4B-00C04F79EFBC}") = "BL.Core.Tests", "BL.Core.Tests\BL.Core.Tests.csproj", "{AD821B48-CBD4-4971-8A2D-43DB25DE2736}"
EndProject
Project("{FAE04EC0-301F-11D3-BF4B-00C04F79EFBC}") = "DAL.Core.Tests", "DAL.Core.Tests\DAL.Core.Tests.csproj", "{04ADF145-0950-4B9E-A59F-D4461D5B4AA0}"
EndProject
Project("{FAE04EC0-301F-11D3-BF4B-00C04F79EFBC}") = "DAL.UnitOfWork.Tests", "DAL.UnitOfWork.Tests\DAL.UnitOfWork.Tests.csproj", "{6A02788A-08BC-4153-A165-D1FF97C78A5F}"
EndProject
Project("{FAE04EC0-301F-11D3-BF4B-00C04F79EFBC}") = "Techno.AisIntegration.App", "Techno.AisIntegration.App\Techno.AisIntegration.App.csproj", "{5450BC7B-C33C-4F46-9AB4-FAA6DCCD0F0E}"
EndProject
Project("{FAE04EC0-301F-11D3-BF4B-00C04F79EFBC}") = "Temp.WinAisClient.App", "Temp.WinAisClient.App\Temp.WinAisClient.App.csproj", "{669AF0B2-FEDE-44BF-B69B-1D24C7DD6DF3}"
EndProject
Project("{FAE04EC0-301F-11D3-BF4B-00C04F79EFBC}") = "AisJson.Lib", "AisJson.Lib\AisJson.Lib.csproj", "{7E51FDA9-AF79-4572-8CBA-D49BA31BE23B}"
EndProject
Project("{FAE04EC0-301F-11D3-BF4B-00C04F79EFBC}") = "AisJson.Tests", "AisJson.Tests\AisJson.Tests.csproj", "{0CA26FAE-B138-4247-9486-4695C502FC7B}"
EndProject
Project("{2150E333-8FDC-42A3-9474-1A3956D46DE8}") = "WinCCApps", "WinCCApps", "{A5396DA8-13AD-454F-8C08-03981EC16011}"
EndProject
Project("{FAE04EC0-301F-11D3-BF4B-00C04F79EFBC}") = "AsnDataGrids.Lib", "AsnDataGrids.Lib\AsnDataGrids.Lib.csproj", "{18CAEBAB-1F7D-461A-B1DD-7989572DA3D0}"
EndProject
Project("{FAE04EC0-301F-11D3-BF4B-00C04F79EFBC}") = "AsnDataGridsApp", "AsnDataGridsApp\AsnDataGridsApp.csproj", "{AA749B5C-5026-41C7-A595-5725169E6946}"
EndProject
Project("{FAE04EC0-301F-11D3-BF4B-00C04F79EFBC}") = "Temp.OpcClient.App", "Temp.OpcClient.App\Temp.OpcClient.App.csproj", "{A62F5B3C-8265-4616-B968-5CE10931927F}"
EndProject
Global
	GlobalSection(SolutionConfigurationPlatforms) = preSolution
		Debug|Any CPU = Debug|Any CPU
		Release|Any CPU = Release|Any CPU
	EndGlobalSection
	GlobalSection(ProjectConfigurationPlatforms) = postSolution
		{F05C14C8-7956-4B8D-AA69-DFBA44B3763B}.Debug|Any CPU.ActiveCfg = Debug|Any CPU
		{F05C14C8-7956-4B8D-AA69-DFBA44B3763B}.Debug|Any CPU.Build.0 = Debug|Any CPU
		{F05C14C8-7956-4B8D-AA69-DFBA44B3763B}.Release|Any CPU.ActiveCfg = Release|Any CPU
		{F05C14C8-7956-4B8D-AA69-DFBA44B3763B}.Release|Any CPU.Build.0 = Release|Any CPU
		{ECEC02AC-C3FD-409B-B8CF-55E18839B74D}.Debug|Any CPU.ActiveCfg = Debug|Any CPU
		{ECEC02AC-C3FD-409B-B8CF-55E18839B74D}.Debug|Any CPU.Build.0 = Debug|Any CPU
		{ECEC02AC-C3FD-409B-B8CF-55E18839B74D}.Release|Any CPU.ActiveCfg = Release|Any CPU
		{ECEC02AC-C3FD-409B-B8CF-55E18839B74D}.Release|Any CPU.Build.0 = Release|Any CPU
		{22F3916C-4B83-4B05-ADEA-5C6A0BDE0BF4}.Debug|Any CPU.ActiveCfg = Debug|Any CPU
		{22F3916C-4B83-4B05-ADEA-5C6A0BDE0BF4}.Debug|Any CPU.Build.0 = Debug|Any CPU
		{22F3916C-4B83-4B05-ADEA-5C6A0BDE0BF4}.Release|Any CPU.ActiveCfg = Release|Any CPU
		{22F3916C-4B83-4B05-ADEA-5C6A0BDE0BF4}.Release|Any CPU.Build.0 = Release|Any CPU
		{912BF4B5-D0E0-4EEA-A7B8-5233745682D6}.Debug|Any CPU.ActiveCfg = Debug|Any CPU
		{912BF4B5-D0E0-4EEA-A7B8-5233745682D6}.Debug|Any CPU.Build.0 = Debug|Any CPU
		{912BF4B5-D0E0-4EEA-A7B8-5233745682D6}.Release|Any CPU.ActiveCfg = Release|Any CPU
		{912BF4B5-D0E0-4EEA-A7B8-5233745682D6}.Release|Any CPU.Build.0 = Release|Any CPU
		{B09032DA-6C29-4F1E-85AA-2EDE17D4757A}.Debug|Any CPU.ActiveCfg = Debug|Any CPU
		{B09032DA-6C29-4F1E-85AA-2EDE17D4757A}.Debug|Any CPU.Build.0 = Debug|Any CPU
		{B09032DA-6C29-4F1E-85AA-2EDE17D4757A}.Release|Any CPU.ActiveCfg = Release|Any CPU
		{B09032DA-6C29-4F1E-85AA-2EDE17D4757A}.Release|Any CPU.Build.0 = Release|Any CPU
		{AD821B48-CBD4-4971-8A2D-43DB25DE2736}.Debug|Any CPU.ActiveCfg = Debug|Any CPU
		{AD821B48-CBD4-4971-8A2D-43DB25DE2736}.Debug|Any CPU.Build.0 = Debug|Any CPU
		{AD821B48-CBD4-4971-8A2D-43DB25DE2736}.Release|Any CPU.ActiveCfg = Release|Any CPU
		{AD821B48-CBD4-4971-8A2D-43DB25DE2736}.Release|Any CPU.Build.0 = Release|Any CPU
		{04ADF145-0950-4B9E-A59F-D4461D5B4AA0}.Debug|Any CPU.ActiveCfg = Debug|Any CPU
		{04ADF145-0950-4B9E-A59F-D4461D5B4AA0}.Debug|Any CPU.Build.0 = Debug|Any CPU
		{04ADF145-0950-4B9E-A59F-D4461D5B4AA0}.Release|Any CPU.ActiveCfg = Release|Any CPU
		{04ADF145-0950-4B9E-A59F-D4461D5B4AA0}.Release|Any CPU.Build.0 = Release|Any CPU
		{6A02788A-08BC-4153-A165-D1FF97C78A5F}.Debug|Any CPU.ActiveCfg = Debug|Any CPU
		{6A02788A-08BC-4153-A165-D1FF97C78A5F}.Debug|Any CPU.Build.0 = Debug|Any CPU
		{6A02788A-08BC-4153-A165-D1FF97C78A5F}.Release|Any CPU.ActiveCfg = Release|Any CPU
		{6A02788A-08BC-4153-A165-D1FF97C78A5F}.Release|Any CPU.Build.0 = Release|Any CPU
		{5450BC7B-C33C-4F46-9AB4-FAA6DCCD0F0E}.Debug|Any CPU.ActiveCfg = Debug|Any CPU
		{5450BC7B-C33C-4F46-9AB4-FAA6DCCD0F0E}.Debug|Any CPU.Build.0 = Debug|Any CPU
		{5450BC7B-C33C-4F46-9AB4-FAA6DCCD0F0E}.Release|Any CPU.ActiveCfg = Release|Any CPU
		{5450BC7B-C33C-4F46-9AB4-FAA6DCCD0F0E}.Release|Any CPU.Build.0 = Release|Any CPU
		{669AF0B2-FEDE-44BF-B69B-1D24C7DD6DF3}.Debug|Any CPU.ActiveCfg = Debug|Any CPU
		{669AF0B2-FEDE-44BF-B69B-1D24C7DD6DF3}.Debug|Any CPU.Build.0 = Debug|Any CPU
		{669AF0B2-FEDE-44BF-B69B-1D24C7DD6DF3}.Release|Any CPU.ActiveCfg = Release|Any CPU
		{669AF0B2-FEDE-44BF-B69B-1D24C7DD6DF3}.Release|Any CPU.Build.0 = Release|Any CPU
		{7E51FDA9-AF79-4572-8CBA-D49BA31BE23B}.Debug|Any CPU.ActiveCfg = Debug|Any CPU
		{7E51FDA9-AF79-4572-8CBA-D49BA31BE23B}.Debug|Any CPU.Build.0 = Debug|Any CPU
		{7E51FDA9-AF79-4572-8CBA-D49BA31BE23B}.Release|Any CPU.ActiveCfg = Release|Any CPU
		{7E51FDA9-AF79-4572-8CBA-D49BA31BE23B}.Release|Any CPU.Build.0 = Release|Any CPU
		{0CA26FAE-B138-4247-9486-4695C502FC7B}.Debug|Any CPU.ActiveCfg = Debug|Any CPU
		{0CA26FAE-B138-4247-9486-4695C502FC7B}.Debug|Any CPU.Build.0 = Debug|Any CPU
		{0CA26FAE-B138-4247-9486-4695C502FC7B}.Release|Any CPU.ActiveCfg = Release|Any CPU
		{0CA26FAE-B138-4247-9486-4695C502FC7B}.Release|Any CPU.Build.0 = Release|Any CPU
		{18CAEBAB-1F7D-461A-B1DD-7989572DA3D0}.Debug|Any CPU.ActiveCfg = Debug|Any CPU
		{18CAEBAB-1F7D-461A-B1DD-7989572DA3D0}.Debug|Any CPU.Build.0 = Debug|Any CPU
		{18CAEBAB-1F7D-461A-B1DD-7989572DA3D0}.Release|Any CPU.ActiveCfg = Release|Any CPU
		{18CAEBAB-1F7D-461A-B1DD-7989572DA3D0}.Release|Any CPU.Build.0 = Release|Any CPU
		{AA749B5C-5026-41C7-A595-5725169E6946}.Debug|Any CPU.ActiveCfg = Debug|Any CPU
		{AA749B5C-5026-41C7-A595-5725169E6946}.Debug|Any CPU.Build.0 = Debug|Any CPU
		{AA749B5C-5026-41C7-A595-5725169E6946}.Release|Any CPU.ActiveCfg = Release|Any CPU
		{AA749B5C-5026-41C7-A595-5725169E6946}.Release|Any CPU.Build.0 = Release|Any CPU
		{A62F5B3C-8265-4616-B968-5CE10931927F}.Debug|Any CPU.ActiveCfg = Debug|Any CPU
		{A62F5B3C-8265-4616-B968-5CE10931927F}.Debug|Any CPU.Build.0 = Debug|Any CPU
		{A62F5B3C-8265-4616-B968-5CE10931927F}.Release|Any CPU.ActiveCfg = Release|Any CPU
		{A62F5B3C-8265-4616-B968-5CE10931927F}.Release|Any CPU.Build.0 = Release|Any CPU
	EndGlobalSection
	GlobalSection(SolutionProperties) = preSolution
		HideSolutionNode = FALSE
	EndGlobalSection
	GlobalSection(NestedProjects) = preSolution
		{F05C14C8-7956-4B8D-AA69-DFBA44B3763B} = {FC8C6292-8277-46C3-945B-884F9B91DBE1}
		{ECEC02AC-C3FD-409B-B8CF-55E18839B74D} = {987EC35D-4DF2-484E-98E5-EFC36AE02E7C}
		{22F3916C-4B83-4B05-ADEA-5C6A0BDE0BF4} = {987EC35D-4DF2-484E-98E5-EFC36AE02E7C}
		{912BF4B5-D0E0-4EEA-A7B8-5233745682D6} = {987EC35D-4DF2-484E-98E5-EFC36AE02E7C}
		{B09032DA-6C29-4F1E-85AA-2EDE17D4757A} = {4E5B2A27-B39C-4465-9E57-DC8B7D161B9F}
		{AD821B48-CBD4-4971-8A2D-43DB25DE2736} = {411BC22A-BA5E-4E60-ABCA-AB7B8C319A11}
		{04ADF145-0950-4B9E-A59F-D4461D5B4AA0} = {411BC22A-BA5E-4E60-ABCA-AB7B8C319A11}
		{6A02788A-08BC-4153-A165-D1FF97C78A5F} = {411BC22A-BA5E-4E60-ABCA-AB7B8C319A11}
		{5450BC7B-C33C-4F46-9AB4-FAA6DCCD0F0E} = {CB59D612-CC51-4FFF-86E9-185FC2530C18}
		{669AF0B2-FEDE-44BF-B69B-1D24C7DD6DF3} = {CB59D612-CC51-4FFF-86E9-185FC2530C18}
		{7E51FDA9-AF79-4572-8CBA-D49BA31BE23B} = {FD3D0B53-4B26-4706-AC3F-31771CB11481}
		{0CA26FAE-B138-4247-9486-4695C502FC7B} = {411BC22A-BA5E-4E60-ABCA-AB7B8C319A11}
		{A5396DA8-13AD-454F-8C08-03981EC16011} = {CB59D612-CC51-4FFF-86E9-185FC2530C18}
		{18CAEBAB-1F7D-461A-B1DD-7989572DA3D0} = {A5396DA8-13AD-454F-8C08-03981EC16011}
		{AA749B5C-5026-41C7-A595-5725169E6946} = {A5396DA8-13AD-454F-8C08-03981EC16011}
		{A62F5B3C-8265-4616-B968-5CE10931927F} = {CB59D612-CC51-4FFF-86E9-185FC2530C18}
	EndGlobalSection
	GlobalSection(ExtensibilityGlobals) = postSolution
		SolutionGuid = {0BAB61B3-4DAE-48B9-A0BD-17548FCDB720}
	EndGlobalSection
EndGlobal
