
Microsoft Visual Studio Solution File, Format Version 12.00
# Visual Studio 15
VisualStudioVersion = 15.0.28010.2036
MinimumVisualStudioVersion = 10.0.40219.1
Project("{2150E333-8FDC-42A3-9474-1A3956D46DE8}") = "Applicatons", "Applicatons", "{CB59D612-CC51-4FFF-86E9-185FC2530C18}"
EndProject
Project("{2150E333-8FDC-42A3-9474-1A3956D46DE8}") = "OPC", "OPC", "{FC8C6292-8277-46C3-945B-884F9B91DBE1}"
EndProject
Project("{FAE04EC0-301F-11D3-BF4B-00C04F79EFBC}") = "AisOpcClient.Lib", "AisOpcClient.Lib\AisOpcClient.Lib.csproj", "{F05C14C8-7956-4B8D-AA69-DFBA44B3763B}"
EndProject
Project("{2150E333-8FDC-42A3-9474-1A3956D46DE8}") = "DAL", "DAL", "{987EC35D-4DF2-484E-98E5-EFC36AE02E7C}"
EndProject
Project("{FAE04EC0-301F-11D3-BF4B-00C04F79EFBC}") = "DAL.Core", "DAL.Core\DAL.Core.csproj", "{ECEC02AC-C3FD-409B-B8CF-55E18839B74D}"
EndProject
Project("{FAE04EC0-301F-11D3-BF4B-00C04F79EFBC}") = "DAL.Entity", "DAL.Entity\DAL.Entity.csproj", "{22F3916C-4B83-4B05-ADEA-5C6A0BDE0BF4}"
EndProject
Project("{FAE04EC0-301F-11D3-BF4B-00C04F79EFBC}") = "DAL.UnitOfWork", "DAL.UnitOfWork\DAL.UnitOfWork.csproj", "{912BF4B5-D0E0-4EEA-A7B8-5233745682D6}"
EndProject
Project("{2150E333-8FDC-42A3-9474-1A3956D46DE8}") = "JSON", "JSON", "{FD3D0B53-4B26-4706-AC3F-31771CB11481}"
EndProject
Project("{9A19103F-16F7-4668-BE54-9A1E7A4F7556}") = "AisJson.Lib", "AisJson.Lib\AisJson.Lib.csproj", "{AF236F2C-0FDE-4881-AC6F-14BB5096B583}"
EndProject
Project("{2150E333-8FDC-42A3-9474-1A3956D46DE8}") = "BLL", "BLL", "{4E5B2A27-B39C-4465-9E57-DC8B7D161B9F}"
EndProject
Project("{FAE04EC0-301F-11D3-BF4B-00C04F79EFBC}") = "BL.Core", "BL.Core\BL.Core.csproj", "{B09032DA-6C29-4F1E-85AA-2EDE17D4757A}"
EndProject
Project("{2150E333-8FDC-42A3-9474-1A3956D46DE8}") = "Tests", "Tests", "{411BC22A-BA5E-4E60-ABCA-AB7B8C319A11}"
EndProject
Project("{FAE04EC0-301F-11D3-BF4B-00C04F79EFBC}") = "BL.Core.Tests", "BL.Core.Tests\BL.Core.Tests.csproj", "{AD821B48-CBD4-4971-8A2D-43DB25DE2736}"
EndProject
Project("{FAE04EC0-301F-11D3-BF4B-00C04F79EFBC}") = "DAL.Core.Tests", "DAL.Core.Tests\DAL.Core.Tests.csproj", "{04ADF145-0950-4B9E-A59F-D4461D5B4AA0}"
EndProject
Project("{FAE04EC0-301F-11D3-BF4B-00C04F79EFBC}") = "DAL.UnitOfWork.Tests", "DAL.UnitOfWork.Tests\DAL.UnitOfWork.Tests.csproj", "{6A02788A-08BC-4153-A165-D1FF97C78A5F}"
EndProject
Project("{9A19103F-16F7-4668-BE54-9A1E7A4F7556}") = "JsonCmd.Tests", "JsonCmd.Tests\JsonCmd.Tests.csproj", "{67006D53-C655-4DB6-9D81-2B31385F484B}"
EndProject
Project("{FAE04EC0-301F-11D3-BF4B-00C04F79EFBC}") = "Temp.Manager.App", "Temp.Manager.App\Temp.Manager.App.csproj", "{5450BC7B-C33C-4F46-9AB4-FAA6DCCD0F0E}"
EndProject
Project("{FAE04EC0-301F-11D3-BF4B-00C04F79EFBC}") = "Temp.WinAisClient.App", "Temp.WinAisClient.App\Temp.WinAisClient.App.csproj", "{669AF0B2-FEDE-44BF-B69B-1D24C7DD6DF3}"
EndProject
Global
	GlobalSection(SolutionConfigurationPlatforms) = preSolution
		Debug|Any CPU = Debug|Any CPU
		Release|Any CPU = Release|Any CPU
	EndGlobalSection
	GlobalSection(ProjectConfigurationPlatforms) = postSolution
		{F05C14C8-7956-4B8D-AA69-DFBA44B3763B}.Debug|Any CPU.ActiveCfg = Debug|Any CPU
		{F05C14C8-7956-4B8D-AA69-DFBA44B3763B}.Debug|Any CPU.Build.0 = Debug|Any CPU
		{F05C14C8-7956-4B8D-AA69-DFBA44B3763B}.Release|Any CPU.ActiveCfg = Release|Any CPU
		{F05C14C8-7956-4B8D-AA69-DFBA44B3763B}.Release|Any CPU.Build.0 = Release|Any CPU
		{ECEC02AC-C3FD-409B-B8CF-55E18839B74D}.Debug|Any CPU.ActiveCfg = Debug|Any CPU
		{ECEC02AC-C3FD-409B-B8CF-55E18839B74D}.Debug|Any CPU.Build.0 = Debug|Any CPU
		{ECEC02AC-C3FD-409B-B8CF-55E18839B74D}.Release|Any CPU.ActiveCfg = Release|Any CPU
		{ECEC02AC-C3FD-409B-B8CF-55E18839B74D}.Release|Any CPU.Build.0 = Release|Any CPU
		{22F3916C-4B83-4B05-ADEA-5C6A0BDE0BF4}.Debug|Any CPU.ActiveCfg = Debug|Any CPU
		{22F3916C-4B83-4B05-ADEA-5C6A0BDE0BF4}.Debug|Any CPU.Build.0 = Debug|Any CPU
		{22F3916C-4B83-4B05-ADEA-5C6A0BDE0BF4}.Release|Any CPU.ActiveCfg = Release|Any CPU
		{22F3916C-4B83-4B05-ADEA-5C6A0BDE0BF4}.Release|Any CPU.Build.0 = Release|Any CPU
		{912BF4B5-D0E0-4EEA-A7B8-5233745682D6}.Debug|Any CPU.ActiveCfg = Debug|Any CPU
		{912BF4B5-D0E0-4EEA-A7B8-5233745682D6}.Debug|Any CPU.Build.0 = Debug|Any CPU
		{912BF4B5-D0E0-4EEA-A7B8-5233745682D6}.Release|Any CPU.ActiveCfg = Release|Any CPU
		{912BF4B5-D0E0-4EEA-A7B8-5233745682D6}.Release|Any CPU.Build.0 = Release|Any CPU
		{AF236F2C-0FDE-4881-AC6F-14BB5096B583}.Debug|Any CPU.ActiveCfg = Debug|Any CPU
		{AF236F2C-0FDE-4881-AC6F-14BB5096B583}.Debug|Any CPU.Build.0 = Debug|Any CPU
		{AF236F2C-0FDE-4881-AC6F-14BB5096B583}.Release|Any CPU.ActiveCfg = Release|Any CPU
		{AF236F2C-0FDE-4881-AC6F-14BB5096B583}.Release|Any CPU.Build.0 = Release|Any CPU
		{B09032DA-6C29-4F1E-85AA-2EDE17D4757A}.Debug|Any CPU.ActiveCfg = Debug|Any CPU
		{B09032DA-6C29-4F1E-85AA-2EDE17D4757A}.Debug|Any CPU.Build.0 = Debug|Any CPU
		{B09032DA-6C29-4F1E-85AA-2EDE17D4757A}.Release|Any CPU.ActiveCfg = Release|Any CPU
		{B09032DA-6C29-4F1E-85AA-2EDE17D4757A}.Release|Any CPU.Build.0 = Release|Any CPU
		{AD821B48-CBD4-4971-8A2D-43DB25DE2736}.Debug|Any CPU.ActiveCfg = Debug|Any CPU
		{AD821B48-CBD4-4971-8A2D-43DB25DE2736}.Debug|Any CPU.Build.0 = Debug|Any CPU
		{AD821B48-CBD4-4971-8A2D-43DB25DE2736}.Release|Any CPU.ActiveCfg = Release|Any CPU
		{AD821B48-CBD4-4971-8A2D-43DB25DE2736}.Release|Any CPU.Build.0 = Release|Any CPU
		{04ADF145-0950-4B9E-A59F-D4461D5B4AA0}.Debug|Any CPU.ActiveCfg = Debug|Any CPU
		{04ADF145-0950-4B9E-A59F-D4461D5B4AA0}.Debug|Any CPU.Build.0 = Debug|Any CPU
		{04ADF145-0950-4B9E-A59F-D4461D5B4AA0}.Release|Any CPU.ActiveCfg = Release|Any CPU
		{04ADF145-0950-4B9E-A59F-D4461D5B4AA0}.Release|Any CPU.Build.0 = Release|Any CPU
		{6A02788A-08BC-4153-A165-D1FF97C78A5F}.Debug|Any CPU.ActiveCfg = Debug|Any CPU
		{6A02788A-08BC-4153-A165-D1FF97C78A5F}.Debug|Any CPU.Build.0 = Debug|Any CPU
		{6A02788A-08BC-4153-A165-D1FF97C78A5F}.Release|Any CPU.ActiveCfg = Release|Any CPU
		{6A02788A-08BC-4153-A165-D1FF97C78A5F}.Release|Any CPU.Build.0 = Release|Any CPU
		{67006D53-C655-4DB6-9D81-2B31385F484B}.Debug|Any CPU.ActiveCfg = Debug|Any CPU
		{67006D53-C655-4DB6-9D81-2B31385F484B}.Debug|Any CPU.Build.0 = Debug|Any CPU
		{67006D53-C655-4DB6-9D81-2B31385F484B}.Release|Any CPU.ActiveCfg = Release|Any CPU
		{67006D53-C655-4DB6-9D81-2B31385F484B}.Release|Any CPU.Build.0 = Release|Any CPU
		{5450BC7B-C33C-4F46-9AB4-FAA6DCCD0F0E}.Debug|Any CPU.ActiveCfg = Debug|Any CPU
		{5450BC7B-C33C-4F46-9AB4-FAA6DCCD0F0E}.Debug|Any CPU.Build.0 = Debug|Any CPU
		{5450BC7B-C33C-4F46-9AB4-FAA6DCCD0F0E}.Release|Any CPU.ActiveCfg = Release|Any CPU
		{5450BC7B-C33C-4F46-9AB4-FAA6DCCD0F0E}.Release|Any CPU.Build.0 = Release|Any CPU
		{669AF0B2-FEDE-44BF-B69B-1D24C7DD6DF3}.Debug|Any CPU.ActiveCfg = Debug|Any CPU
		{669AF0B2-FEDE-44BF-B69B-1D24C7DD6DF3}.Debug|Any CPU.Build.0 = Debug|Any CPU
		{669AF0B2-FEDE-44BF-B69B-1D24C7DD6DF3}.Release|Any CPU.ActiveCfg = Release|Any CPU
		{669AF0B2-FEDE-44BF-B69B-1D24C7DD6DF3}.Release|Any CPU.Build.0 = Release|Any CPU
	EndGlobalSection
	GlobalSection(SolutionProperties) = preSolution
		HideSolutionNode = FALSE
	EndGlobalSection
	GlobalSection(NestedProjects) = preSolution
		{F05C14C8-7956-4B8D-AA69-DFBA44B3763B} = {FC8C6292-8277-46C3-945B-884F9B91DBE1}
		{ECEC02AC-C3FD-409B-B8CF-55E18839B74D} = {987EC35D-4DF2-484E-98E5-EFC36AE02E7C}
		{22F3916C-4B83-4B05-ADEA-5C6A0BDE0BF4} = {987EC35D-4DF2-484E-98E5-EFC36AE02E7C}
		{912BF4B5-D0E0-4EEA-A7B8-5233745682D6} = {987EC35D-4DF2-484E-98E5-EFC36AE02E7C}
		{AF236F2C-0FDE-4881-AC6F-14BB5096B583} = {FD3D0B53-4B26-4706-AC3F-31771CB11481}
		{B09032DA-6C29-4F1E-85AA-2EDE17D4757A} = {4E5B2A27-B39C-4465-9E57-DC8B7D161B9F}
		{AD821B48-CBD4-4971-8A2D-43DB25DE2736} = {411BC22A-BA5E-4E60-ABCA-AB7B8C319A11}
		{04ADF145-0950-4B9E-A59F-D4461D5B4AA0} = {411BC22A-BA5E-4E60-ABCA-AB7B8C319A11}
		{6A02788A-08BC-4153-A165-D1FF97C78A5F} = {411BC22A-BA5E-4E60-ABCA-AB7B8C319A11}
		{67006D53-C655-4DB6-9D81-2B31385F484B} = {411BC22A-BA5E-4E60-ABCA-AB7B8C319A11}
		{5450BC7B-C33C-4F46-9AB4-FAA6DCCD0F0E} = {CB59D612-CC51-4FFF-86E9-185FC2530C18}
		{669AF0B2-FEDE-44BF-B69B-1D24C7DD6DF3} = {CB59D612-CC51-4FFF-86E9-185FC2530C18}
	EndGlobalSection
	GlobalSection(ExtensibilityGlobals) = postSolution
		SolutionGuid = {0BAB61B3-4DAE-48B9-A0BD-17548FCDB720}
	EndGlobalSection
EndGlobal
